
Microsoft Visual Studio Solution File, Format Version 12.00
# Visual Studio Version 17
VisualStudioVersion = 17.11.35222.181
MinimumVisualStudioVersion = 10.0.40219.1
Project("{FAE04EC0-301F-11D3-BF4B-00C04F79EFBC}") = "Codigo2024Clase07", "Codigo2024Clase07.csproj", "{5F02926A-4516-426C-A799-190D93F2CA95}"
EndProject
Global
	GlobalSection(SolutionConfigurationPlatforms) = preSolution
		Debug|Any CPU = Debug|Any CPU
		Release|Any CPU = Release|Any CPU
	EndGlobalSection
	GlobalSection(ProjectConfigurationPlatforms) = postSolution
		{5F02926A-4516-426C-A799-190D93F2CA95}.Debug|Any CPU.ActiveCfg = Debug|Any CPU
		{5F02926A-4516-426C-A799-190D93F2CA95}.Debug|Any CPU.Build.0 = Debug|Any CPU
		{5F02926A-4516-426C-A799-190D93F2CA95}.Release|Any CPU.ActiveCfg = Release|Any CPU
		{5F02926A-4516-426C-A799-190D93F2CA95}.Release|Any CPU.Build.0 = Release|Any CPU
	EndGlobalSection
	GlobalSection(SolutionProperties) = preSolution
		HideSolutionNode = FALSE
	EndGlobalSection
	GlobalSection(ExtensibilityGlobals) = postSolution
		SolutionGuid = {D1FF0B46-36EB-4FEA-AF53-877C84855664}
	EndGlobalSection
EndGlobal
